
Microsoft Visual Studio Solution File, Format Version 12.00
# Visual Studio 15
VisualStudioVersion = 15.0.27428.2015
MinimumVisualStudioVersion = 10.0.40219.1
Project("{FAE04EC0-301F-11D3-BF4B-00C04F79EFBC}") = "C_Course_Popov", "C_Course_Popov\C_Course_Popov.csproj", "{9CA40E17-6EE7-4443-A477-741DC5F4050D}"
EndProject
Global
	GlobalSection(SolutionConfigurationPlatforms) = preSolution
		Debug|Any CPU = Debug|Any CPU
		Release|Any CPU = Release|Any CPU
	EndGlobalSection
	GlobalSection(ProjectConfigurationPlatforms) = postSolution
		{9CA40E17-6EE7-4443-A477-741DC5F4050D}.Debug|Any CPU.ActiveCfg = Debug|Any CPU
		{9CA40E17-6EE7-4443-A477-741DC5F4050D}.Debug|Any CPU.Build.0 = Debug|Any CPU
		{9CA40E17-6EE7-4443-A477-741DC5F4050D}.Release|Any CPU.ActiveCfg = Release|Any CPU
		{9CA40E17-6EE7-4443-A477-741DC5F4050D}.Release|Any CPU.Build.0 = Release|Any CPU
	EndGlobalSection
	GlobalSection(SolutionProperties) = preSolution
		HideSolutionNode = FALSE
	EndGlobalSection
	GlobalSection(ExtensibilityGlobals) = postSolution
		SolutionGuid = {88827463-30EA-4C0F-8B7A-4433C2088D16}
	EndGlobalSection
EndGlobal
